PODS:
  - REFormattedNumberField (1.1.5)
  - RETableViewManager (1.7):
    - REFormattedNumberField (~> 1.1.5)
    - REValidation (~> 0.1.4)
  - REValidation (0.1.4)

DEPENDENCIES:
  - RETableViewManager (from `../`)

EXTERNAL SOURCES:
  RETableViewManager:
    :path: ../

SPEC CHECKSUMS:
  REFormattedNumberField: be3d55dd709f65541fb26b7e1709da07903147f8
  RETableViewManager: 0f24d796c42c0890d38c79cc9aeb3871e186726e
  REValidation: 38c4de1be58455f8b00aab208ac80db316a66b7f

PODFILE CHECKSUM: cc849b9acc3a31dd42410bea72a62b3b0bc5b8d4

COCOAPODS: 1.0.1
